
Microsoft Visual Studio Solution File, Format Version 12.00
# Visual Studio Version 16
VisualStudioVersion = 16.0.30517.126
MinimumVisualStudioVersion = 10.0.40219.1
Project("{9092AA53-FB77-4645-B42D-1CCCA6BD08BD}") = "RestAPI", "RestAPI\RestAPI.njsproj", "{B1D96391-EBEB-4078-969E-89DA285840DC}"
EndProject
Global
	GlobalSection(SolutionConfigurationPlatforms) = preSolution
		Debug|Any CPU = Debug|Any CPU
		Release|Any CPU = Release|Any CPU
	EndGlobalSection
	GlobalSection(ProjectConfigurationPlatforms) = postSolution
		{B1D96391-EBEB-4078-969E-89DA285840DC}.Debug|Any CPU.ActiveCfg = Debug|Any CPU
		{B1D96391-EBEB-4078-969E-89DA285840DC}.Debug|Any CPU.Build.0 = Debug|Any CPU
		{B1D96391-EBEB-4078-969E-89DA285840DC}.Release|Any CPU.ActiveCfg = Release|Any CPU
		{B1D96391-EBEB-4078-969E-89DA285840DC}.Release|Any CPU.Build.0 = Release|Any CPU
	EndGlobalSection
	GlobalSection(SolutionProperties) = preSolution
		HideSolutionNode = FALSE
	EndGlobalSection
	GlobalSection(ExtensibilityGlobals) = postSolution
		SolutionGuid = {2C10A919-A224-4635-93B5-978512956E69}
	EndGlobalSection
EndGlobal
